
Microsoft Visual Studio Solution File, Format Version 12.00
# Visual Studio Version 16
VisualStudioVersion = 16.0.28822.285
MinimumVisualStudioVersion = 10.0.40219.1
Project("{2150E333-8FDC-42A3-9474-1A3956D46DE8}") = "src", "src", "{CDB03D11-DFAC-44C4-9571-EEC3B8088972}"
	ProjectSection(SolutionItems) = preProject
		.gitignore = .gitignore
	EndProjectSection
EndProject
Project("{9A19103F-16F7-4668-BE54-9A1E7A4F7556}") = "ASPNETCORE_3", "src\ASPNETCORE_3\ASPNETCORE_3.csproj", "{0E41374C-DC06-4A5F-ADB6-35F4BAE61B49}"
EndProject
Project("{9A19103F-16F7-4668-BE54-9A1E7A4F7556}") = "ASPNETCORE_2", "src\ASPNETCORE_2\ASPNETCORE_2.csproj", "{32B435B0-D1EA-4EFD-B1A8-3C90A8DC7F66}"
EndProject
Project("{2150E333-8FDC-42A3-9474-1A3956D46DE8}") = "Comparison", "Comparison", "{4CF8CB67-4F15-468E-8239-214EB2ACC4A4}"
EndProject
Project("{2150E333-8FDC-42A3-9474-1A3956D46DE8}") = "Blazor", "Blazor", "{A525A729-4370-4A4D-A61C-D0CFBFAD64C1}"
EndProject
Project("{9A19103F-16F7-4668-BE54-9A1E7A4F7556}") = "FancyBlazor", "src\FancyBlazor\FancyBlazor.csproj", "{ADF005CA-282C-451F-A0E9-90E50BB3D1F3}"
EndProject
Project("{9A19103F-16F7-4668-BE54-9A1E7A4F7556}") = "GrpcServer", "src\GrpcServer\GrpcServer.csproj", "{3445659A-8BBD-4090-8982-F79D9D2DC5F3}"
EndProject
Project("{2150E333-8FDC-42A3-9474-1A3956D46DE8}") = "Grpc", "Grpc", "{6B2AEB67-412E-42F0-AEAC-71ABCED74438}"
EndProject
Project("{9A19103F-16F7-4668-BE54-9A1E7A4F7556}") = "GrpcClient", "src\GrpcClient\GrpcClient.csproj", "{BC4BA625-27DA-4215-A33A-515CF76CD470}"
EndProject
Project("{9A19103F-16F7-4668-BE54-9A1E7A4F7556}") = "BlazorClient", "src\BlazorClient\BlazorClient.csproj", "{4F0EB9EB-7323-4029-8887-F80D6E8B4FAB}"
EndProject
Project("{2150E333-8FDC-42A3-9474-1A3956D46DE8}") = "Health", "Health", "{95D34DDA-4056-44FE-9618-98E5CFF71377}"
EndProject
Project("{9A19103F-16F7-4668-BE54-9A1E7A4F7556}") = "HealthCheck", "src\HealthCheck\HealthCheck.csproj", "{0D33308D-02AD-453C-BDE1-1341E533D6D8}"
EndProject
Project("{2150E333-8FDC-42A3-9474-1A3956D46DE8}") = "SignalR", "SignalR", "{DCA560D4-3271-407F-8000-DEC649B31D31}"
EndProject
Project("{9A19103F-16F7-4668-BE54-9A1E7A4F7556}") = "SignalRChat", "src\SignalRChat\SignalRChat.csproj", "{B746068F-654F-41FD-A476-7994AAE6727A}"
EndProject
Project("{2150E333-8FDC-42A3-9474-1A3956D46DE8}") = "Logging", "Logging", "{D3CAD94E-7E62-42EE-8905-DA70FBD31BCC}"
EndProject
Project("{9A19103F-16F7-4668-BE54-9A1E7A4F7556}") = "SerilogWeb", "src\SerilogWeb\SerilogWeb.csproj", "{74F23192-8F02-4CBC-A233-3FE0C24B3EF1}"
EndProject
Global
	GlobalSection(SolutionConfigurationPlatforms) = preSolution
		Debug|Any CPU = Debug|Any CPU
		Release|Any CPU = Release|Any CPU
	EndGlobalSection
	GlobalSection(ProjectConfigurationPlatforms) = postSolution
		{0E41374C-DC06-4A5F-ADB6-35F4BAE61B49}.Debug|Any CPU.ActiveCfg = Debug|Any CPU
		{0E41374C-DC06-4A5F-ADB6-35F4BAE61B49}.Debug|Any CPU.Build.0 = Debug|Any CPU
		{0E41374C-DC06-4A5F-ADB6-35F4BAE61B49}.Release|Any CPU.ActiveCfg = Release|Any CPU
		{0E41374C-DC06-4A5F-ADB6-35F4BAE61B49}.Release|Any CPU.Build.0 = Release|Any CPU
		{32B435B0-D1EA-4EFD-B1A8-3C90A8DC7F66}.Debug|Any CPU.ActiveCfg = Debug|Any CPU
		{32B435B0-D1EA-4EFD-B1A8-3C90A8DC7F66}.Debug|Any CPU.Build.0 = Debug|Any CPU
		{32B435B0-D1EA-4EFD-B1A8-3C90A8DC7F66}.Release|Any CPU.ActiveCfg = Release|Any CPU
		{32B435B0-D1EA-4EFD-B1A8-3C90A8DC7F66}.Release|Any CPU.Build.0 = Release|Any CPU
		{ADF005CA-282C-451F-A0E9-90E50BB3D1F3}.Debug|Any CPU.ActiveCfg = Debug|Any CPU
		{ADF005CA-282C-451F-A0E9-90E50BB3D1F3}.Debug|Any CPU.Build.0 = Debug|Any CPU
		{ADF005CA-282C-451F-A0E9-90E50BB3D1F3}.Release|Any CPU.ActiveCfg = Release|Any CPU
		{ADF005CA-282C-451F-A0E9-90E50BB3D1F3}.Release|Any CPU.Build.0 = Release|Any CPU
		{3445659A-8BBD-4090-8982-F79D9D2DC5F3}.Debug|Any CPU.ActiveCfg = Debug|Any CPU
		{3445659A-8BBD-4090-8982-F79D9D2DC5F3}.Debug|Any CPU.Build.0 = Debug|Any CPU
		{3445659A-8BBD-4090-8982-F79D9D2DC5F3}.Release|Any CPU.ActiveCfg = Release|Any CPU
		{3445659A-8BBD-4090-8982-F79D9D2DC5F3}.Release|Any CPU.Build.0 = Release|Any CPU
		{BC4BA625-27DA-4215-A33A-515CF76CD470}.Debug|Any CPU.ActiveCfg = Debug|Any CPU
		{BC4BA625-27DA-4215-A33A-515CF76CD470}.Debug|Any CPU.Build.0 = Debug|Any CPU
		{BC4BA625-27DA-4215-A33A-515CF76CD470}.Release|Any CPU.ActiveCfg = Release|Any CPU
		{BC4BA625-27DA-4215-A33A-515CF76CD470}.Release|Any CPU.Build.0 = Release|Any CPU
		{4F0EB9EB-7323-4029-8887-F80D6E8B4FAB}.Debug|Any CPU.ActiveCfg = Debug|Any CPU
		{4F0EB9EB-7323-4029-8887-F80D6E8B4FAB}.Debug|Any CPU.Build.0 = Debug|Any CPU
		{4F0EB9EB-7323-4029-8887-F80D6E8B4FAB}.Release|Any CPU.ActiveCfg = Release|Any CPU
		{4F0EB9EB-7323-4029-8887-F80D6E8B4FAB}.Release|Any CPU.Build.0 = Release|Any CPU
		{0D33308D-02AD-453C-BDE1-1341E533D6D8}.Debug|Any CPU.ActiveCfg = Debug|Any CPU
		{0D33308D-02AD-453C-BDE1-1341E533D6D8}.Debug|Any CPU.Build.0 = Debug|Any CPU
		{0D33308D-02AD-453C-BDE1-1341E533D6D8}.Release|Any CPU.ActiveCfg = Release|Any CPU
		{0D33308D-02AD-453C-BDE1-1341E533D6D8}.Release|Any CPU.Build.0 = Release|Any CPU
		{B746068F-654F-41FD-A476-7994AAE6727A}.Debug|Any CPU.ActiveCfg = Debug|Any CPU
		{B746068F-654F-41FD-A476-7994AAE6727A}.Debug|Any CPU.Build.0 = Debug|Any CPU
		{B746068F-654F-41FD-A476-7994AAE6727A}.Release|Any CPU.ActiveCfg = Release|Any CPU
		{B746068F-654F-41FD-A476-7994AAE6727A}.Release|Any CPU.Build.0 = Release|Any CPU
		{74F23192-8F02-4CBC-A233-3FE0C24B3EF1}.Debug|Any CPU.ActiveCfg = Debug|Any CPU
		{74F23192-8F02-4CBC-A233-3FE0C24B3EF1}.Debug|Any CPU.Build.0 = Debug|Any CPU
		{74F23192-8F02-4CBC-A233-3FE0C24B3EF1}.Release|Any CPU.ActiveCfg = Release|Any CPU
		{74F23192-8F02-4CBC-A233-3FE0C24B3EF1}.Release|Any CPU.Build.0 = Release|Any CPU
	EndGlobalSection
	GlobalSection(SolutionProperties) = preSolution
		HideSolutionNode = FALSE
	EndGlobalSection
	GlobalSection(NestedProjects) = preSolution
		{0E41374C-DC06-4A5F-ADB6-35F4BAE61B49} = {4CF8CB67-4F15-468E-8239-214EB2ACC4A4}
		{32B435B0-D1EA-4EFD-B1A8-3C90A8DC7F66} = {4CF8CB67-4F15-468E-8239-214EB2ACC4A4}
		{4CF8CB67-4F15-468E-8239-214EB2ACC4A4} = {CDB03D11-DFAC-44C4-9571-EEC3B8088972}
		{A525A729-4370-4A4D-A61C-D0CFBFAD64C1} = {CDB03D11-DFAC-44C4-9571-EEC3B8088972}
		{ADF005CA-282C-451F-A0E9-90E50BB3D1F3} = {A525A729-4370-4A4D-A61C-D0CFBFAD64C1}
		{3445659A-8BBD-4090-8982-F79D9D2DC5F3} = {6B2AEB67-412E-42F0-AEAC-71ABCED74438}
		{6B2AEB67-412E-42F0-AEAC-71ABCED74438} = {CDB03D11-DFAC-44C4-9571-EEC3B8088972}
		{BC4BA625-27DA-4215-A33A-515CF76CD470} = {6B2AEB67-412E-42F0-AEAC-71ABCED74438}
		{4F0EB9EB-7323-4029-8887-F80D6E8B4FAB} = {A525A729-4370-4A4D-A61C-D0CFBFAD64C1}
		{95D34DDA-4056-44FE-9618-98E5CFF71377} = {CDB03D11-DFAC-44C4-9571-EEC3B8088972}
		{0D33308D-02AD-453C-BDE1-1341E533D6D8} = {95D34DDA-4056-44FE-9618-98E5CFF71377}
		{DCA560D4-3271-407F-8000-DEC649B31D31} = {CDB03D11-DFAC-44C4-9571-EEC3B8088972}
		{B746068F-654F-41FD-A476-7994AAE6727A} = {DCA560D4-3271-407F-8000-DEC649B31D31}
		{D3CAD94E-7E62-42EE-8905-DA70FBD31BCC} = {CDB03D11-DFAC-44C4-9571-EEC3B8088972}
		{74F23192-8F02-4CBC-A233-3FE0C24B3EF1} = {D3CAD94E-7E62-42EE-8905-DA70FBD31BCC}
	EndGlobalSection
	GlobalSection(ExtensibilityGlobals) = postSolution
		SolutionGuid = {13027E49-6938-460A-80EA-4DF9F456FD1C}
	EndGlobalSection
EndGlobal
